
Microsoft Visual Studio Solution File, Format Version 12.00
# Visual Studio Version 17
VisualStudioVersion = 17.7.34031.279
MinimumVisualStudioVersion = 10.0.40219.1
Project("{FAE04EC0-301F-11D3-BF4B-00C04F79EFBC}") = "ConsoleApp1", "ConsoleApp1\ConsoleApp1.csproj", "{2294B9B0-7FDD-424E-A2EF-AC62ECF71662}"
EndProject
Global
	GlobalSection(SolutionConfigurationPlatforms) = preSolution
		Debug|Any CPU = Debug|Any CPU
		Release|Any CPU = Release|Any CPU
	EndGlobalSection
	GlobalSection(ProjectConfigurationPlatforms) = postSolution
		{2294B9B0-7FDD-424E-A2EF-AC62ECF71662}.Debug|Any CPU.ActiveCfg = Debug|Any CPU
		{2294B9B0-7FDD-424E-A2EF-AC62ECF71662}.Debug|Any CPU.Build.0 = Debug|Any CPU
		{2294B9B0-7FDD-424E-A2EF-AC62ECF71662}.Release|Any CPU.ActiveCfg = Release|Any CPU
		{2294B9B0-7FDD-424E-A2EF-AC62ECF71662}.Release|Any CPU.Build.0 = Release|Any CPU
	EndGlobalSection
	GlobalSection(SolutionProperties) = preSolution
		HideSolutionNode = FALSE
	EndGlobalSection
	GlobalSection(ExtensibilityGlobals) = postSolution
		SolutionGuid = {46EB3D6D-8AC7-4967-9DE2-0562109DABD8}
	EndGlobalSection
EndGlobal
